{
    "version": 3,
    "terraform_version": "0.7.4",
    "serial": 19,
    "lineage": "c8b04f34-ed01-4b23-849b-f0fa1f9b03b0",
    "modules": [
        {
            "path": [
                "root"
            ],
            "outputs": {
                "ipaddr": {
                    "sensitive": false,
                    "type": "string",
                    "value": "172.31.6.194"
                },
                "name": {
                    "sensitive": false,
                    "type": "string",
                    "value": "os-son-sp4dv00"
                }
            },
            "resources": {
                "openstack_compute_floatingip_v2.fip": {
                    "type": "openstack_compute_floatingip_v2",
                    "depends_on": [],
                    "primary": {
                        "id": "674a0dd2-5776-4210-81b5-ee7604f268fc",
                        "attributes": {
                            "address": "172.31.6.194",
                            "fixed_ip": "192.168.249.25",
                            "id": "674a0dd2-5776-4210-81b5-ee7604f268fc",
                            "instance_id": "182d0cb1-d97c-4462-94b8-3de28c8e83bb",
                            "pool": "admin_floating_net"
                        },
                        "meta": {},
                        "tainted": false
                    },
                    "deposed": [],
                    "provider": ""
                },
                "openstack_compute_instance_v2.sonata-sp": {
                    "type": "openstack_compute_instance_v2",
                    "depends_on": [
                        "openstack_compute_floatingip_v2.fip"
                    ],
                    "primary": {
                        "id": "f420d052-351d-4ab5-97cb-9a5109332293",
                        "attributes": {
                            "access_ip_v4": "172.31.6.194",
                            "access_ip_v6": "",
                            "flavor_id": "2",
                            "flavor_name": "m1.small",
                            "floating_ip": "172.31.6.194",
                            "id": "f420d052-351d-4ab5-97cb-9a5109332293",
                            "image_id": "7129fb44-a239-458c-a45f-f93342ed458c",
                            "image_name": "trusty-cldimg",
                            "key_pair": "son-ift-ptin",
                            "metadata.%": "1",
                            "metadata.demo": "metadata",
                            "name": "os-son-sp4dv00",
                            "network.#": "1",
                            "network.0.access_network": "false",
                            "network.0.fixed_ip_v4": "192.168.249.26",
                            "network.0.fixed_ip_v6": "",
                            "network.0.floating_ip": "172.31.6.194",
                            "network.0.mac": "fa:16:3e:54:ef:00",
                            "network.0.name": "son-dev-netw",
                            "network.0.port": "",
                            "network.0.uuid": "ae8475b3-a9e0-426f-9798-1626801da900",
                            "security_groups.#": "1",
                            "security_groups.496194828": "son-dev-secgrp",
                            "stop_before_destroy": "false",
                            "user_data": "67490d489cc983f06652410edd1edb0ec41b4ef7",
                            "volume.#": "0"
                        },
                        "meta": {},
                        "tainted": false
                    },
                    "deposed": [],
                    "provider": ""
                }
            },
            "depends_on": []
        }
    ]
}
