{
    "version": 3,
    "terraform_version": "0.7.4",
    "serial": 1,
    "lineage": "d093a75f-1d74-43ea-8687-d9999f2d8d9d",
    "modules": [
        {
            "path": [
                "root"
            ],
            "outputs": {
                "ansible_inventory": {
                    "sensitive": false,
                    "type": "string",
                    "value": "[target]\n172.31.6.238 ansible_ssh_private_key=/etc/ansible/son-ift-ptin.rsa ansible_ssh_user=ubuntu\n\n"
                },
                "ipaddr": {
                    "sensitive": false,
                    "type": "string",
                    "value": "172.31.6.238"
                }
            },
            "resources": {
                "openstack_compute_floatingip_v2.fip": {
                    "type": "openstack_compute_floatingip_v2",
                    "depends_on": [],
                    "primary": {
                        "id": "8ff1b3b4-be83-46d5-ad14-c2dd6f7dbd92",
                        "attributes": {
                            "address": "172.31.6.238",
                            "fixed_ip": "192.168.249.44",
                            "id": "8ff1b3b4-be83-46d5-ad14-c2dd6f7dbd92",
                            "instance_id": "7177b6cd-edc7-45fa-be90-56a09f6773fb",
                            "pool": "admin_floating_net"
                        },
                        "meta": {},
                        "tainted": false
                    },
                    "deposed": [],
                    "provider": ""
                },
                "openstack_compute_instance_v2.sonata-sp": {
                    "type": "openstack_compute_instance_v2",
                    "depends_on": [
                        "openstack_compute_floatingip_v2.fip"
                    ],
                    "primary": {
                        "id": "7177b6cd-edc7-45fa-be90-56a09f6773fb",
                        "attributes": {
                            "access_ip_v4": "172.31.6.238",
                            "access_ip_v6": "",
                            "flavor_id": "2",
                            "flavor_name": "m1.small",
                            "floating_ip": "172.31.6.238",
                            "id": "7177b6cd-edc7-45fa-be90-56a09f6773fb",
                            "image_id": "7129fb44-a239-458c-a45f-f93342ed458c",
                            "image_name": "trusty-cldimg",
                            "key_pair": "son-ift-ptin",
                            "metadata.%": "1",
                            "metadata.demo": "metadata",
                            "name": "os-son-sp4dv00",
                            "network.#": "1",
                            "network.0.access_network": "false",
                            "network.0.fixed_ip_v4": "192.168.249.44",
                            "network.0.fixed_ip_v6": "",
                            "network.0.floating_ip": "172.31.6.238",
                            "network.0.mac": "fa:16:3e:89:c3:90",
                            "network.0.name": "son-dev-netw",
                            "network.0.port": "",
                            "network.0.uuid": "ae8475b3-a9e0-426f-9798-1626801da900",
                            "security_groups.#": "1",
                            "security_groups.496194828": "son-dev-secgrp",
                            "stop_before_destroy": "false",
                            "user_data": "145982e762d4068fe50052075b7e0f1a9bbd0d24",
                            "volume.#": "0"
                        },
                        "meta": {},
                        "tainted": false
                    },
                    "deposed": [],
                    "provider": ""
                },
                "template_file.ansible_hosts": {
                    "type": "template_file",
                    "depends_on": [
                        "template_file.web_ansible"
                    ],
                    "primary": {
                        "id": "2973291454a906848460fcca6db20faa026a2f927f2684b123e93291c814f1a9",
                        "attributes": {
                            "id": "2973291454a906848460fcca6db20faa026a2f927f2684b123e93291c814f1a9",
                            "rendered": "[target]\n172.31.6.238 ansible_ssh_private_key=/etc/ansible/son-ift-ptin.rsa ansible_ssh_user=ubuntu\n\n",
                            "template": "[target]\n${web_hosts}\n",
                            "vars.%": "2",
                            "vars.env": "dev",
                            "vars.web_hosts": "172.31.6.238 ansible_ssh_private_key=/etc/ansible/son-ift-ptin.rsa ansible_ssh_user=ubuntu\n"
                        },
                        "meta": {},
                        "tainted": false
                    },
                    "deposed": [],
                    "provider": ""
                },
                "template_file.web_ansible": {
                    "type": "template_file",
                    "depends_on": [
                        "openstack_compute_instance_v2.sonata-sp"
                    ],
                    "primary": {
                        "id": "1a7490b079e85eb401b8efce8bfea179570f759b6569ae2907cbeb310046535d",
                        "attributes": {
                            "id": "1a7490b079e85eb401b8efce8bfea179570f759b6569ae2907cbeb310046535d",
                            "rendered": "172.31.6.238 ansible_ssh_private_key=/etc/ansible/son-ift-ptin.rsa ansible_ssh_user=ubuntu\n",
                            "template": "${ipaddr} ${extra}\n",
                            "vars.%": "3",
                            "vars.extra": "ansible_ssh_private_key=/etc/ansible/son-ift-ptin.rsa ansible_ssh_user=ubuntu",
                            "vars.ipaddr": "172.31.6.238",
                            "vars.name": "os-son-sp4dv00"
                        },
                        "meta": {},
                        "tainted": false
                    },
                    "deposed": [],
                    "provider": ""
                }
            },
            "depends_on": []
        }
    ]
}
